// !$*UTF8*$!
{
	archiveVersion = 1;
	classes = {
	};
	objectVersion = 46;
	objects = {

/* Begin PBXBuildFile section */
		D859C1F71D7F0A5B00BDEC3C /* AppDelegate.swift in Sources */ = {isa = PBXBuildFile; fileRef = D859C1F61D7F0A5B00BDEC3C /* AppDelegate.swift */; };
		D859C1F91D7F0A5B00BDEC3C /* ViewController.swift in Sources */ = {isa = PBXBuildFile; fileRef = D859C1F81D7F0A5B00BDEC3C /* ViewController.swift */; };
		D859C1FC1D7F0A5B00BDEC3C /* Main.storyboard in Resources */ = {isa = PBXBuildFile; fileRef = D859C1FA1D7F0A5B00BDEC3C /* Main.storyboard */; };
		D859C1FE1D7F0A5B00BDEC3C /* Assets.xcassets in Resources */ = {isa = PBXBuildFile; fileRef = D859C1FD1D7F0A5B00BDEC3C /* Assets.xcassets */; };
		D859C2011D7F0A5B00BDEC3C /* LaunchScreen.storyboard in Resources */ = {isa = PBXBuildFile; fileRef = D859C1FF1D7F0A5B00BDEC3C /* LaunchScreen.storyboard */; };
/* End PBXBuildFile section */

/* Begin PBXFileReference section */
		D859C1F31D7F0A5A00BDEC3C /* WebView401.app */ = {isa = PBXFileReference; explicitFileType = wrapper.application; includeInIndex = 0; path = WebView401.app; sourceTree = BUILT_PRODUCTS_DIR; };
		D859C1F61D7F0A5B00BDEC3C /* AppDelegate.swift */ = {isa = PBXFileReference; lastKnownFileType = sourcecode.swift; path = AppDelegate.swift; sourceTree = "<group>"; };
		D859C1F81D7F0A5B00BDEC3C /* ViewController.swift */ = {isa = PBXFileReference; lastKnownFileType = sourcecode.swift; path = ViewController.swift; sourceTree = "<group>"; };
		D859C1FB1D7F0A5B00BDEC3C /* Base */ = {isa = PBXFileReference; lastKnownFileType = file.storyboard; name = Base; path = Base.lproj/Main.storyboard; sourceTree = "<group>"; };
		D859C1FD1D7F0A5B00BDEC3C /* Assets.xcassets */ = {isa = PBXFileReference; lastKnownFileType = folder.assetcatalog; path = Assets.xcassets; sourceTree = "<group>"; };
		D859C2001D7F0A5B00BDEC3C /* Base */ = {isa = PBXFileReference; lastKnownFileType = file.storyboard; name = Base; path = Base.lproj/LaunchScreen.storyboard; sourceTree = "<group>"; };
		D859C2021D7F0A5B00BDEC3C /* Info.plist */ = {isa = PBXFileReference; lastKnownFileType = text.plist.xml; path = Info.plist; sourceTree = "<group>"; };
/* End PBXFileReference section */

/* Begin PBXFrameworksBuildPhase section */
		D859C1F01D7F0A5A00BDEC3C /* Frameworks */ = {
			isa = PBXFrameworksBuildPhase;
			buildActionMask = 2147483647;
			files = (
			);
			runOnlyForDeploymentPostprocessing = 0;
		};
/* End PBXFrameworksBuildPhase section */

/* Begin PBXGroup section */
		D859C1EA1D7F0A5A00BDEC3C = {
			isa = PBXGroup;
			children = (
				D859C1F51D7F0A5B00BDEC3C /* WebView401 */,
				D859C1F41D7F0A5A00BDEC3C /* Products */,
			);
			sourceTree = "<group>";
		};
		D859C1F41D7F0A5A00BDEC3C /* Products */ = {
			isa = PBXGroup;
			children = (
				D859C1F31D7F0A5A00BDEC3C /* WebView401.app */,
			);
			name = Products;
			sourceTree = "<group>";
		};
		D859C1F51D7F0A5B00BDEC3C /* WebView401 */ = {
			isa = PBXGroup;
			children = (
				D859C1F61D7F0A5B00BDEC3C /* AppDelegate.swift */,
				D859C1F81D7F0A5B00BDEC3C /* ViewController.swift */,
				D859C1FA1D7F0A5B00BDEC3C /* Main.storyboard */,
				D859C1FD1D7F0A5B00BDEC3C /* Assets.xcassets */,
				D859C1FF1D7F0A5B00BDEC3C /* LaunchScreen.storyboard */,
				D859C2021D7F0A5B00BDEC3C /* Info.plist */,
			);
			path = WebView401;
			sourceTree = "<group>";
		};
/* End PBXGroup section */

/* Begin PBXNativeTarget section */
		D859C1F21D7F0A5A00BDEC3C /* WebView401 */ = {
			isa = PBXNativeTarget;
			buildConfigurationList = D859C2051D7F0A5B00BDEC3C /* Build configuration list for PBXNativeTarget "WebView401" */;
			buildPhases = (
				D859C1EF1D7F0A5A00BDEC3C /* Sources */,
				D859C1F01D7F0A5A00BDEC3C /* Frameworks */,
				D859C1F11D7F0A5A00BDEC3C /* Resources */,
			);
			buildRules = (
			);
			dependencies = (
			);
			name = WebView401;
			productName = WebView401;
			productReference = D859C1F31D7F0A5A00BDEC3C /* WebView401.app */;
			productType = "com.apple.product-type.application";
		};
/* End PBXNativeTarget section */

/* Begin PBXProject section */
		D859C1EB1D7F0A5A00BDEC3C /* Project object */ = {
			isa = PBXProject;
			attributes = {
				LastSwiftUpdateCheck = 0730;
				LastUpgradeCheck = 0730;
				ORGANIZATIONNAME = "Remus Lazar";
				TargetAttributes = {
					D859C1F21D7F0A5A00BDEC3C = {
						CreatedOnToolsVersion = 7.3.1;
					};
				};
			};
			buildConfigurationList = D859C1EE1D7F0A5A00BDEC3C /* Build configuration list for PBXProject "WebView401" */;
			compatibilityVersion = "Xcode 3.2";
			developmentRegion = English;
			hasScannedForEncodings = 0;
			knownRegions = (
				en,
				Base,
			);
			mainGroup = D859C1EA1D7F0A5A00BDEC3C;
			productRefGroup = D859C1F41D7F0A5A00BDEC3C /* Products */;
			projectDirPath = "";
			projectRoot = "";
			targets = (
				D859C1F21D7F0A5A00BDEC3C /* WebView401 */,
			);
		};
/* End PBXProject section */

/* Begin PBXResourcesBuildPhase section */
		D859C1F11D7F0A5A00BDEC3C /* Resources */ = {
			isa = PBXResourcesBuildPhase;
			buildActionMask = 2147483647;
			files = (
				D859C2011D7F0A5B00BDEC3C /* LaunchScreen.storyboard in Resources */,
				D859C1FE1D7F0A5B00BDEC3C /* Assets.xcassets in Resources */,
				D859C1FC1D7F0A5B00BDEC3C /* Main.storyboard in Resources */,
			);
			runOnlyForDeploymentPostprocessing = 0;
		};
/* End PBXResourcesBuildPhase section */

/* Begin PBXSourcesBuildPhase section */
		D859C1EF1D7F0A5A00BDEC3C /* Sources */ = {
			isa = PBXSourcesBuildPhase;
			buildActionMask = 2147483647;
			files = (
				D859C1F91D7F0A5B00BDEC3C /* ViewController.swift in Sources */,
				D859C1F71D7F0A5B00BDEC3C /* AppDelegate.swift in Sources */,
			);
			runOnlyForDeploymentPostprocessing = 0;
		};
/* End PBXSourcesBuildPhase section */

/* Begin PBXVariantGroup section */
		D859C1FA1D7F0A5B00BDEC3C /* Main.storyboard */ = {
			isa = PBXVariantGroup;
			children = (
				D859C1FB1D7F0A5B00BDEC3C /* Base */,
			);
			name = Main.storyboard;
			sourceTree = "<group>";
		};
		D859C1FF1D7F0A5B00BDEC3C /* LaunchScreen.storyboard */ = {
			isa = PBXVariantGroup;
			children = (
				D859C2001D7F0A5B00BDEC3C /* Base */,
			);
			name = LaunchScreen.storyboard;
			sourceTree = "<group>";
		};
/* End PBXVariantGroup section */

/* Begin XCBuildConfiguration section */
		D859C2031D7F0A5B00BDEC3C /* Debug */ = {
			isa = XCBuildConfiguration;
			buildSettings = {
				ALWAYS_SEARCH_USER_PATHS = NO;
				CLANG_ANALYZER_NONNULL = YES;
				CLANG_CXX_LANGUAGE_STANDARD = "gnu++0x";
				CLANG_CXX_LIBRARY = "libc++";
				CLANG_ENABLE_MODULES = YES;
				CLANG_ENABLE_OBJC_ARC = YES;
				CLANG_WARN_BOOL_CONVERSION = YES;
				CLANG_WARN_CONSTANT_CONVERSION = YES;
				CLANG_WARN_DIRECT_OBJC_ISA_USAGE = YES_ERROR;
				CLANG_WARN_EMPTY_BODY = YES;
				CLANG_WARN_ENUM_CONVERSION = YES;
				CLANG_WARN_INT_CONVERSION = YES;
				CLANG_WARN_OBJC_ROOT_CLASS = YES_ERROR;
				CLANG_WARN_UNREACHABLE_CODE = YES;
				CLANG_WARN__DUPLICATE_METHOD_MATCH = YES;
				"CODE_SIGN_IDENTITY[sdk=iphoneos*]" = "iPhone Developer";
				COPY_PHASE_STRIP = NO;
				DEBUG_INFORMATION_FORMAT = dwarf;
				ENABLE_STRICT_OBJC_MSGSEND = YES;
				ENABLE_TESTABILITY = YES;
				GCC_C_LANGUAGE_STANDARD = gnu99;
				GCC_DYNAMIC_NO_PIC = NO;
				GCC_NO_COMMON_BLOCKS = YES;
				GCC_OPTIMIZATION_LEVEL = 0;
				GCC_PREPROCESSOR_DEFINITIONS = (
					"DEBUG=1",
					"$(inherited)",
				);
				GCC_WARN_64_TO_32_BIT_CONVERSION = YES;
				GCC_WARN_ABOUT_RETURN_TYPE = YES_ERROR;
				GCC_WARN_UNDECLARED_SELECTOR = YES;
				GCC_WARN_UNINITIALIZED_AUTOS = YES_AGGRESSIVE;
				GCC_WARN_UNUSED_FUNCTION = YES;
				GCC_WARN_UNUSED_VARIABLE = YES;
				IPHONEOS_DEPLOYMENT_TARGET = 9.3;
				MTL_ENABLE_DEBUG_INFO = YES;
				ONLY_ACTIVE_ARCH = YES;
				SDKROOT = iphoneos;
				SWIFT_OPTIMIZATION_LEVEL = "-Onone";
			};
			name = Debug;
		};
		D859C2041D7F0A5B00BDEC3C /* Release */ = {
			isa = XCBuildConfiguration;
			buildSettings = {
				ALWAYS_SEARCH_USER_PATHS = NO;
				CLANG_ANALYZER_NONNULL = YES;
				CLANG_CXX_LANGUAGE_STANDARD = "gnu++0x";
				CLANG_CXX_LIBRARY = "libc++";
				CLANG_ENABLE_MODULES = YES;
				CLANG_ENABLE_OBJC_ARC = YES;
				CLANG_WARN_BOOL_CONVERSION = YES;
				CLANG_WARN_CONSTANT_CONVERSION = YES;
				CLANG_WARN_DIRECT_OBJC_ISA_USAGE = YES_ERROR;
				CLANG_WARN_EMPTY_BODY = YES;
				CLANG_WARN_ENUM_CONVERSION = YES;
				CLANG_WARN_INT_CONVERSION = YES;
				CLANG_WARN_OBJC_ROOT_CLASS = YES_ERROR;
				CLANG_WARN_UNREACHABLE_CODE = YES;
				CLANG_WARN__DUPLICATE_METHOD_MATCH = YES;
				"CODE_SIGN_IDENTITY[sdk=iphoneos*]" = "iPhone Developer";
				COPY_PHASE_STRIP = NO;
				DEBUG_INFORMATION_FORMAT = "dwarf-with-dsym";
				ENABLE_NS_ASSERTIONS = NO;
				ENABLE_STRICT_OBJC_MSGSEND = YES;
				GCC_C_LANGUAGE_STANDARD = gnu99;
				GCC_NO_COMMON_BLOCKS = YES;
				GCC_WARN_64_TO_32_BIT_CONVERSION = YES;
				GCC_WARN_ABOUT_RETURN_TYPE = YES_ERROR;
				GCC_WARN_UNDECLARED_SELECTOR = YES;
				GCC_WARN_UNINITIALIZED_AUTOS = YES_AGGRESSIVE;
				GCC_WARN_UNUSED_FUNCTION = YES;
				GCC_WARN_UNUSED_VARIABLE = YES;
				IPHONEOS_DEPLOYMENT_TARGET = 9.3;
				MTL_ENABLE_DEBUG_INFO = NO;
				SDKROOT = iphoneos;
				VALIDATE_PRODUCT = YES;
			};
			name = Release;
		};
		D859C2061D7F0A5B00BDEC3C /* Debug */ = {
			isa = XCBuildConfiguration;
			buildSettings = {
				ASSETCATALOG_COMPILER_APPICON_NAME = AppIcon;
				INFOPLIST_FILE = WebView401/Info.plist;
				LD_RUNPATH_SEARCH_PATHS = "$(inherited) @executable_path/Frameworks";
				PRODUCT_BUNDLE_IDENTIFIER = info.lazar.WebView401;
				PRODUCT_NAME = "$(TARGET_NAME)";
				TARGETED_DEVICE_FAMILY = "1,2";
			};
			name = Debug;
		};
		D859C2071D7F0A5B00BDEC3C /* Release */ = {
			isa = XCBuildConfiguration;
			buildSettings = {
				ASSETCATALOG_COMPILER_APPICON_NAME = AppIcon;
				INFOPLIST_FILE = WebView401/Info.plist;
				LD_RUNPATH_SEARCH_PATHS = "$(inherited) @executable_path/Frameworks";
				PRODUCT_BUNDLE_IDENTIFIER = info.lazar.WebView401;
				PRODUCT_NAME = "$(TARGET_NAME)";
				TARGETED_DEVICE_FAMILY = "1,2";
			};
			name = Release;
		};
/* End XCBuildConfiguration section */

/* Begin XCConfigurationList section */
		D859C1EE1D7F0A5A00BDEC3C /* Build configuration list for PBXProject "WebView401" */ = {
			isa = XCConfigurationList;
			buildConfigurations = (
				D859C2031D7F0A5B00BDEC3C /* Debug */,
				D859C2041D7F0A5B00BDEC3C /* Release */,
			);
			defaultConfigurationIsVisible = 0;
			defaultConfigurationName = Release;
		};
		D859C2051D7F0A5B00BDEC3C /* Build configuration list for PBXNativeTarget "WebView401" */ = {
			isa = XCConfigurationList;
			buildConfigurations = (
				D859C2061D7F0A5B00BDEC3C /* Debug */,
				D859C2071D7F0A5B00BDEC3C /* Release */,
			);
			defaultConfigurationIsVisible = 0;
		};
/* End XCConfigurationList section */
	};
	rootObject = D859C1EB1D7F0A5A00BDEC3C /* Project object */;
}
